PODS:
  - Alamofire (4.1.0)
  - KeychainAccess (3.0.1)
  - SwiftyJSON (3.1.3)

DEPENDENCIES:
  - Alamofire (~> 4.0)
  - KeychainAccess (~> 3.0)
  - SwiftyJSON (~> 3.0)

SPEC CHECKSUMS:
  Alamofire: e266cf991b933498df791e645e0d8ac294492153
  KeychainAccess: 017ea25e313a49eda10bb19b0bb0760fb1edfe1a
  SwiftyJSON: 38a8ea2006779c0fc4c310cb2ee8195327740faf

PODFILE CHECKSUM: 1ae35c9eba5d08c9b392eb56d7dbe3f8b81a3e46

COCOAPODS: 1.1.1
